
Microsoft Visual Studio Solution File, Format Version 12.00
# Visual Studio Version 16
VisualStudioVersion = 16.0.31005.135
MinimumVisualStudioVersion = 10.0.40219.1
Project("{FAE04EC0-301F-11D3-BF4B-00C04F79EFBC}") = "SecondHomework", "SecondHomework\SecondHomework.csproj", "{C2DA9DEA-5487-4C43-BDDC-29DF957A157A}"
EndProject
Global
	GlobalSection(SolutionConfigurationPlatforms) = preSolution
		Debug|Any CPU = Debug|Any CPU
		Release|Any CPU = Release|Any CPU
	EndGlobalSection
	GlobalSection(ProjectConfigurationPlatforms) = postSolution
		{C2DA9DEA-5487-4C43-BDDC-29DF957A157A}.Debug|Any CPU.ActiveCfg = Debug|Any CPU
		{C2DA9DEA-5487-4C43-BDDC-29DF957A157A}.Debug|Any CPU.Build.0 = Debug|Any CPU
		{C2DA9DEA-5487-4C43-BDDC-29DF957A157A}.Release|Any CPU.ActiveCfg = Release|Any CPU
		{C2DA9DEA-5487-4C43-BDDC-29DF957A157A}.Release|Any CPU.Build.0 = Release|Any CPU
	EndGlobalSection
	GlobalSection(SolutionProperties) = preSolution
		HideSolutionNode = FALSE
	EndGlobalSection
	GlobalSection(ExtensibilityGlobals) = postSolution
		SolutionGuid = {B490E18B-7EDA-4EC1-8777-83874A41576B}
	EndGlobalSection
EndGlobal
